PODS:
  - FMDB (2.7.5):
    - FMDB/standard (= 2.7.5)
  - FMDB/standard (2.7.5)

DEPENDENCIES:
  - FMDB

SPEC REPOS:
  https://github.com/CocoaPods/Specs.git:
    - FMDB

SPEC CHECKSUMS:
  FMDB: 2ce00b547f966261cd18927a3ddb07cb6f3db82a

PODFILE CHECKSUM: b3d1511885b2dbbd125748f500bc86f5644c315e

COCOAPODS: 1.8.1
